
Microsoft Visual Studio Solution File, Format Version 11.00
# Visual Studio 2010
Project("{FAE04EC0-301F-11D3-BF4B-00C04F79EFBC}") = "1-1", "1-1\1-1.csproj", "{C0A2F09A-F93C-4A78-95D6-4F6C026DF05B}"
EndProject
Global
	GlobalSection(SolutionConfigurationPlatforms) = preSolution
		Debug|x86 = Debug|x86
		Release|x86 = Release|x86
	EndGlobalSection
	GlobalSection(ProjectConfigurationPlatforms) = postSolution
		{C0A2F09A-F93C-4A78-95D6-4F6C026DF05B}.Debug|x86.ActiveCfg = Debug|x86
		{C0A2F09A-F93C-4A78-95D6-4F6C026DF05B}.Debug|x86.Build.0 = Debug|x86
		{C0A2F09A-F93C-4A78-95D6-4F6C026DF05B}.Release|x86.ActiveCfg = Release|x86
		{C0A2F09A-F93C-4A78-95D6-4F6C026DF05B}.Release|x86.Build.0 = Release|x86
	EndGlobalSection
	GlobalSection(MonoDevelopProperties) = preSolution
		StartupItem = 1-1\1-1.csproj
	EndGlobalSection
EndGlobal
