
Microsoft Visual Studio Solution File, Format Version 11.00
# Visual Studio 2010
Project("{FAE04EC0-301F-11D3-BF4B-00C04F79EFBC}") = "4-1_C#", "4-1_C#\4-1_C#.csproj", "{EC62B4DA-31EB-4377-BB3B-2DB3FDFD4EBC}"
EndProject
Project("{FAE04EC0-301F-11D3-BF4B-00C04F79EFBC}") = "4-1_C#_Test", "4-1_C#_Test\4-1_C#_Test.csproj", "{523BFAC6-1803-4220-B6B5-46EA6E91FF36}"
EndProject
Global
	GlobalSection(SolutionConfigurationPlatforms) = preSolution
		Debug|x86 = Debug|x86
		Release|x86 = Release|x86
	EndGlobalSection
	GlobalSection(ProjectConfigurationPlatforms) = postSolution
		{523BFAC6-1803-4220-B6B5-46EA6E91FF36}.Debug|x86.ActiveCfg = Debug|Any CPU
		{523BFAC6-1803-4220-B6B5-46EA6E91FF36}.Debug|x86.Build.0 = Debug|Any CPU
		{523BFAC6-1803-4220-B6B5-46EA6E91FF36}.Release|x86.ActiveCfg = Release|Any CPU
		{523BFAC6-1803-4220-B6B5-46EA6E91FF36}.Release|x86.Build.0 = Release|Any CPU
		{EC62B4DA-31EB-4377-BB3B-2DB3FDFD4EBC}.Debug|x86.ActiveCfg = Debug|x86
		{EC62B4DA-31EB-4377-BB3B-2DB3FDFD4EBC}.Debug|x86.Build.0 = Debug|x86
		{EC62B4DA-31EB-4377-BB3B-2DB3FDFD4EBC}.Release|x86.ActiveCfg = Release|x86
		{EC62B4DA-31EB-4377-BB3B-2DB3FDFD4EBC}.Release|x86.Build.0 = Release|x86
	EndGlobalSection
	GlobalSection(MonoDevelopProperties) = preSolution
		StartupItem = 4-1_C#\4-1_C#.csproj
	EndGlobalSection
EndGlobal
