
Microsoft Visual Studio Solution File, Format Version 11.00
# Visual Studio 2010
Project("{FAE04EC0-301F-11D3-BF4B-00C04F79EFBC}") = "7-1_C#", "7-1_C#\7-1_C#.csproj", "{BD081378-5D49-4CB5-BE54-DDC4C536877C}"
EndProject
Global
	GlobalSection(SolutionConfigurationPlatforms) = preSolution
		Debug|x86 = Debug|x86
		Release|x86 = Release|x86
	EndGlobalSection
	GlobalSection(ProjectConfigurationPlatforms) = postSolution
		{BD081378-5D49-4CB5-BE54-DDC4C536877C}.Debug|x86.ActiveCfg = Debug|x86
		{BD081378-5D49-4CB5-BE54-DDC4C536877C}.Debug|x86.Build.0 = Debug|x86
		{BD081378-5D49-4CB5-BE54-DDC4C536877C}.Release|x86.ActiveCfg = Release|x86
		{BD081378-5D49-4CB5-BE54-DDC4C536877C}.Release|x86.Build.0 = Release|x86
	EndGlobalSection
	GlobalSection(MonoDevelopProperties) = preSolution
		StartupItem = 7-1_C#\7-1_C#.csproj
	EndGlobalSection
EndGlobal
